
Microsoft Visual Studio Solution File, Format Version 12.00
# Visual Studio Version 17
VisualStudioVersion = 17.7.34009.444
MinimumVisualStudioVersion = 10.0.40219.1
Project("{9A19103F-16F7-4668-BE54-9A1E7A4F7556}") = "WoofAdopciones.Shared", "WoofAdopciones.Shared\WoofAdopciones.Shared.csproj", "{352F76E7-EF7F-4B5C-869C-D8D9D2514223}"
EndProject
Project("{9A19103F-16F7-4668-BE54-9A1E7A4F7556}") = "WoofAdopciones.Backend", "WoofAdopciones.Backend\WoofAdopciones.Backend.csproj", "{65F69E38-524B-4DC8-BBD7-51FE78DA39F5}"
EndProject
Project("{9A19103F-16F7-4668-BE54-9A1E7A4F7556}") = "WoofAdopciones.Frontend", "WoofAdopciones.Frontend\WoofAdopciones.Frontend.csproj", "{C120276C-7AB1-41B7-A72E-8AE9B883C697}"
EndProject
Global
	GlobalSection(SolutionConfigurationPlatforms) = preSolution
		Debug|Any CPU = Debug|Any CPU
		Release|Any CPU = Release|Any CPU
	EndGlobalSection
	GlobalSection(ProjectConfigurationPlatforms) = postSolution
		{352F76E7-EF7F-4B5C-869C-D8D9D2514223}.Debug|Any CPU.ActiveCfg = Debug|Any CPU
		{352F76E7-EF7F-4B5C-869C-D8D9D2514223}.Debug|Any CPU.Build.0 = Debug|Any CPU
		{352F76E7-EF7F-4B5C-869C-D8D9D2514223}.Release|Any CPU.ActiveCfg = Release|Any CPU
		{352F76E7-EF7F-4B5C-869C-D8D9D2514223}.Release|Any CPU.Build.0 = Release|Any CPU
		{65F69E38-524B-4DC8-BBD7-51FE78DA39F5}.Debug|Any CPU.ActiveCfg = Debug|Any CPU
		{65F69E38-524B-4DC8-BBD7-51FE78DA39F5}.Debug|Any CPU.Build.0 = Debug|Any CPU
		{65F69E38-524B-4DC8-BBD7-51FE78DA39F5}.Release|Any CPU.ActiveCfg = Release|Any CPU
		{65F69E38-524B-4DC8-BBD7-51FE78DA39F5}.Release|Any CPU.Build.0 = Release|Any CPU
		{C120276C-7AB1-41B7-A72E-8AE9B883C697}.Debug|Any CPU.ActiveCfg = Debug|Any CPU
		{C120276C-7AB1-41B7-A72E-8AE9B883C697}.Debug|Any CPU.Build.0 = Debug|Any CPU
		{C120276C-7AB1-41B7-A72E-8AE9B883C697}.Release|Any CPU.ActiveCfg = Release|Any CPU
		{C120276C-7AB1-41B7-A72E-8AE9B883C697}.Release|Any CPU.Build.0 = Release|Any CPU
	EndGlobalSection
	GlobalSection(SolutionProperties) = preSolution
		HideSolutionNode = FALSE
	EndGlobalSection
	GlobalSection(ExtensibilityGlobals) = postSolution
		SolutionGuid = {DBE4A3DE-C8D3-491E-9EBB-E668BD9A2BEF}
	EndGlobalSection
EndGlobal
